
Microsoft Visual Studio Solution File, Format Version 12.00
# Visual Studio Version 17
VisualStudioVersion = 17.8.34330.188
MinimumVisualStudioVersion = 10.0.40219.1
Project("{FAE04EC0-301F-11D3-BF4B-00C04F79EFBC}") = "HelloCsharpwin", "HelloCsharpwin\HelloCsharpwin.csproj", "{187A7DD8-13EA-4FE3-A2AE-2CECEB5F6EF1}"
EndProject
Global
	GlobalSection(SolutionConfigurationPlatforms) = preSolution
		Debug|Any CPU = Debug|Any CPU
		Release|Any CPU = Release|Any CPU
	EndGlobalSection
	GlobalSection(ProjectConfigurationPlatforms) = postSolution
		{187A7DD8-13EA-4FE3-A2AE-2CECEB5F6EF1}.Debug|Any CPU.ActiveCfg = Debug|Any CPU
		{187A7DD8-13EA-4FE3-A2AE-2CECEB5F6EF1}.Debug|Any CPU.Build.0 = Debug|Any CPU
		{187A7DD8-13EA-4FE3-A2AE-2CECEB5F6EF1}.Release|Any CPU.ActiveCfg = Release|Any CPU
		{187A7DD8-13EA-4FE3-A2AE-2CECEB5F6EF1}.Release|Any CPU.Build.0 = Release|Any CPU
	EndGlobalSection
	GlobalSection(SolutionProperties) = preSolution
		HideSolutionNode = FALSE
	EndGlobalSection
	GlobalSection(ExtensibilityGlobals) = postSolution
		SolutionGuid = {64813162-FC1A-4207-B788-850E4CF29E60}
	EndGlobalSection
EndGlobal
